PODS:
  - Fastis (1.0.15):
    - JTAppleCalendar (~> 8.0.0)
    - PrettyCards (~> 1.0.0)
    - SnapKit (~> 5.0.0)
  - JTAppleCalendar (8.0.3)
  - PrettyCards (1.0.5)
  - SnapKit (5.0.1)

DEPENDENCIES:
  - Fastis (from `../`)

SPEC REPOS:
  trunk:
    - JTAppleCalendar
    - PrettyCards
    - SnapKit

EXTERNAL SOURCES:
  Fastis:
    :path: "../"

SPEC CHECKSUMS:
  Fastis: bced68dade57f6634eaa2751aae55541a5d220e6
  JTAppleCalendar: 932cadea40b1051beab10f67843451d48ba16c99
  PrettyCards: 2b078f2396a42f7f0c4d6624b875149dcb49d3ed
  SnapKit: 97b92857e3df3a0c71833cce143274bf6ef8e5eb

PODFILE CHECKSUM: 52bcc3d376555cf8645d1457fe3dd5b7cc55f2db

COCOAPODS: 1.11.2
